// !$*UTF8*$!
{
	archiveVersion = 1;
	classes = {
	};
	objectVersion = 48;
	objects = {

/* Begin PBXBuildFile section */
		5189297B2008287D00F0A527 /* MemeEditorViewController.swift in Sources */ = {isa = PBXBuildFile; fileRef = 5189297A2008287D00F0A527 /* MemeEditorViewController.swift */; };
		518E4E6F1FFC25C200F76C36 /* AppDelegate.swift in Sources */ = {isa = PBXBuildFile; fileRef = 518E4E6E1FFC25C200F76C36 /* AppDelegate.swift */; };
		518E4E741FFC25C200F76C36 /* Main.storyboard in Resources */ = {isa = PBXBuildFile; fileRef = 518E4E721FFC25C200F76C36 /* Main.storyboard */; };
		518E4E761FFC25C200F76C36 /* Assets.xcassets in Resources */ = {isa = PBXBuildFile; fileRef = 518E4E751FFC25C200F76C36 /* Assets.xcassets */; };
		518E4E791FFC25C200F76C36 /* LaunchScreen.storyboard in Resources */ = {isa = PBXBuildFile; fileRef = 518E4E771FFC25C200F76C36 /* LaunchScreen.storyboard */; };
		518E4E841FFC25C200F76C36 /* ImagePickerTests.swift in Sources */ = {isa = PBXBuildFile; fileRef = 518E4E831FFC25C200F76C36 /* ImagePickerTests.swift */; };
		518E4E8F1FFC25C200F76C36 /* ImagePickerUITests.swift in Sources */ = {isa = PBXBuildFile; fileRef = 518E4E8E1FFC25C200F76C36 /* ImagePickerUITests.swift */; };
/* End PBXBuildFile section */

/* Begin PBXContainerItemProxy section */
		518E4E801FFC25C200F76C36 /* PBXContainerItemProxy */ = {
			isa = PBXContainerItemProxy;
			containerPortal = 518E4E631FFC25C100F76C36 /* Project object */;
			proxyType = 1;
			remoteGlobalIDString = 518E4E6A1FFC25C100F76C36;
			remoteInfo = ImagePicker;
		};
		518E4E8B1FFC25C200F76C36 /* PBXContainerItemProxy */ = {
			isa = PBXContainerItemProxy;
			containerPortal = 518E4E631FFC25C100F76C36 /* Project object */;
			proxyType = 1;
			remoteGlobalIDString = 518E4E6A1FFC25C100F76C36;
			remoteInfo = ImagePicker;
		};
/* End PBXContainerItemProxy section */

/* Begin PBXFileReference section */
		5189297A2008287D00F0A527 /* MemeEditorViewController.swift */ = {isa = PBXFileReference; fileEncoding = 4; lastKnownFileType = sourcecode.swift; path = MemeEditorViewController.swift; sourceTree = "<group>"; };
		518E4E6B1FFC25C100F76C36 /* Memesicle.app */ = {isa = PBXFileReference; explicitFileType = wrapper.application; includeInIndex = 0; path = Memesicle.app; sourceTree = BUILT_PRODUCTS_DIR; };
		518E4E6E1FFC25C200F76C36 /* AppDelegate.swift */ = {isa = PBXFileReference; lastKnownFileType = sourcecode.swift; path = AppDelegate.swift; sourceTree = "<group>"; };
		518E4E731FFC25C200F76C36 /* Base */ = {isa = PBXFileReference; lastKnownFileType = file.storyboard; name = Base; path = Base.lproj/Main.storyboard; sourceTree = "<group>"; };
		518E4E751FFC25C200F76C36 /* Assets.xcassets */ = {isa = PBXFileReference; lastKnownFileType = folder.assetcatalog; path = Assets.xcassets; sourceTree = "<group>"; };
		518E4E781FFC25C200F76C36 /* Base */ = {isa = PBXFileReference; lastKnownFileType = file.storyboard; name = Base; path = Base.lproj/LaunchScreen.storyboard; sourceTree = "<group>"; };
		518E4E7A1FFC25C200F76C36 /* Info.plist */ = {isa = PBXFileReference; lastKnownFileType = text.plist.xml; path = Info.plist; sourceTree = "<group>"; };
		518E4E7F1FFC25C200F76C36 /* MemesicleTests.xctest */ = {isa = PBXFileReference; explicitFileType = wrapper.cfbundle; includeInIndex = 0; path = MemesicleTests.xctest; sourceTree = BUILT_PRODUCTS_DIR; };
		518E4E831FFC25C200F76C36 /* ImagePickerTests.swift */ = {isa = PBXFileReference; lastKnownFileType = sourcecode.swift; path = ImagePickerTests.swift; sourceTree = "<group>"; };
		518E4E851FFC25C200F76C36 /* Info.plist */ = {isa = PBXFileReference; lastKnownFileType = text.plist.xml; path = Info.plist; sourceTree = "<group>"; };
		518E4E8A1FFC25C200F76C36 /* MemesicleUITests.xctest */ = {isa = PBXFileReference; explicitFileType = wrapper.cfbundle; includeInIndex = 0; path = MemesicleUITests.xctest; sourceTree = BUILT_PRODUCTS_DIR; };
		518E4E8E1FFC25C200F76C36 /* ImagePickerUITests.swift */ = {isa = PBXFileReference; lastKnownFileType = sourcecode.swift; path = ImagePickerUITests.swift; sourceTree = "<group>"; };
		518E4E901FFC25C200F76C36 /* Info.plist */ = {isa = PBXFileReference; lastKnownFileType = text.plist.xml; path = Info.plist; sourceTree = "<group>"; };
/* End PBXFileReference section */

/* Begin PBXFrameworksBuildPhase section */
		518E4E681FFC25C100F76C36 /* Frameworks */ = {
			isa = PBXFrameworksBuildPhase;
			buildActionMask = 2147483647;
			files = (
			);
			runOnlyForDeploymentPostprocessing = 0;
		};
		518E4E7C1FFC25C200F76C36 /* Frameworks */ = {
			isa = PBXFrameworksBuildPhase;
			buildActionMask = 2147483647;
			files = (
			);
			runOnlyForDeploymentPostprocessing = 0;
		};
		518E4E871FFC25C200F76C36 /* Frameworks */ = {
			isa = PBXFrameworksBuildPhase;
			buildActionMask = 2147483647;
			files = (
			);
			runOnlyForDeploymentPostprocessing = 0;
		};
/* End PBXFrameworksBuildPhase section */

/* Begin PBXGroup section */
		518E4E621FFC25C100F76C36 = {
			isa = PBXGroup;
			children = (
				518E4E6D1FFC25C100F76C36 /* ImagePicker */,
				518E4E821FFC25C200F76C36 /* ImagePickerTests */,
				518E4E8D1FFC25C200F76C36 /* ImagePickerUITests */,
				518E4E6C1FFC25C100F76C36 /* Products */,
			);
			sourceTree = "<group>";
		};
		518E4E6C1FFC25C100F76C36 /* Products */ = {
			isa = PBXGroup;
			children = (
				518E4E6B1FFC25C100F76C36 /* Memesicle.app */,
				518E4E7F1FFC25C200F76C36 /* MemesicleTests.xctest */,
				518E4E8A1FFC25C200F76C36 /* MemesicleUITests.xctest */,
			);
			name = Products;
			sourceTree = "<group>";
		};
		518E4E6D1FFC25C100F76C36 /* ImagePicker */ = {
			isa = PBXGroup;
			children = (
				51CF250B200705210081F56B /* Delegates */,
				518E4E6E1FFC25C200F76C36 /* AppDelegate.swift */,
				5189297A2008287D00F0A527 /* MemeEditorViewController.swift */,
				518E4E721FFC25C200F76C36 /* Main.storyboard */,
				518E4E751FFC25C200F76C36 /* Assets.xcassets */,
				518E4E771FFC25C200F76C36 /* LaunchScreen.storyboard */,
				518E4E7A1FFC25C200F76C36 /* Info.plist */,
			);
			path = ImagePicker;
			sourceTree = "<group>";
		};
		518E4E821FFC25C200F76C36 /* ImagePickerTests */ = {
			isa = PBXGroup;
			children = (
				518E4E831FFC25C200F76C36 /* ImagePickerTests.swift */,
				518E4E851FFC25C200F76C36 /* Info.plist */,
			);
			path = ImagePickerTests;
			sourceTree = "<group>";
		};
		518E4E8D1FFC25C200F76C36 /* ImagePickerUITests */ = {
			isa = PBXGroup;
			children = (
				518E4E8E1FFC25C200F76C36 /* ImagePickerUITests.swift */,
				518E4E901FFC25C200F76C36 /* Info.plist */,
			);
			path = ImagePickerUITests;
			sourceTree = "<group>";
		};
		51CF250B200705210081F56B /* Delegates */ = {
			isa = PBXGroup;
			children = (
			);
			path = Delegates;
			sourceTree = "<group>";
		};
/* End PBXGroup section */

/* Begin PBXNativeTarget section */
		518E4E6A1FFC25C100F76C36 /* Memesicle */ = {
			isa = PBXNativeTarget;
			buildConfigurationList = 518E4E931FFC25C200F76C36 /* Build configuration list for PBXNativeTarget "Memesicle" */;
			buildPhases = (
				518E4E671FFC25C100F76C36 /* Sources */,
				518E4E681FFC25C100F76C36 /* Frameworks */,
				518E4E691FFC25C100F76C36 /* Resources */,
			);
			buildRules = (
			);
			dependencies = (
			);
			name = Memesicle;
			productName = ImagePicker;
			productReference = 518E4E6B1FFC25C100F76C36 /* Memesicle.app */;
			productType = "com.apple.product-type.application";
		};
		518E4E7E1FFC25C200F76C36 /* MemesicleTests */ = {
			isa = PBXNativeTarget;
			buildConfigurationList = 518E4E961FFC25C200F76C36 /* Build configuration list for PBXNativeTarget "MemesicleTests" */;
			buildPhases = (
				518E4E7B1FFC25C200F76C36 /* Sources */,
				518E4E7C1FFC25C200F76C36 /* Frameworks */,
				518E4E7D1FFC25C200F76C36 /* Resources */,
			);
			buildRules = (
			);
			dependencies = (
				518E4E811FFC25C200F76C36 /* PBXTargetDependency */,
			);
			name = MemesicleTests;
			productName = ImagePickerTests;
			productReference = 518E4E7F1FFC25C200F76C36 /* MemesicleTests.xctest */;
			productType = "com.apple.product-type.bundle.unit-test";
		};
		518E4E891FFC25C200F76C36 /* MemesicleUITests */ = {
			isa = PBXNativeTarget;
			buildConfigurationList = 518E4E991FFC25C200F76C36 /* Build configuration list for PBXNativeTarget "MemesicleUITests" */;
			buildPhases = (
				518E4E861FFC25C200F76C36 /* Sources */,
				518E4E871FFC25C200F76C36 /* Frameworks */,
				518E4E881FFC25C200F76C36 /* Resources */,
			);
			buildRules = (
			);
			dependencies = (
				518E4E8C1FFC25C200F76C36 /* PBXTargetDependency */,
			);
			name = MemesicleUITests;
			productName = ImagePickerUITests;
			productReference = 518E4E8A1FFC25C200F76C36 /* MemesicleUITests.xctest */;
			productType = "com.apple.product-type.bundle.ui-testing";
		};
/* End PBXNativeTarget section */

/* Begin PBXProject section */
		518E4E631FFC25C100F76C36 /* Project object */ = {
			isa = PBXProject;
			attributes = {
				LastSwiftUpdateCheck = 0920;
				LastUpgradeCheck = 0920;
				ORGANIZATIONNAME = "John Nolan";
				TargetAttributes = {
					518E4E6A1FFC25C100F76C36 = {
						CreatedOnToolsVersion = 9.2;
						ProvisioningStyle = Automatic;
					};
					518E4E7E1FFC25C200F76C36 = {
						CreatedOnToolsVersion = 9.2;
						ProvisioningStyle = Automatic;
						TestTargetID = 518E4E6A1FFC25C100F76C36;
					};
					518E4E891FFC25C200F76C36 = {
						CreatedOnToolsVersion = 9.2;
						ProvisioningStyle = Automatic;
						TestTargetID = 518E4E6A1FFC25C100F76C36;
					};
				};
			};
			buildConfigurationList = 518E4E661FFC25C100F76C36 /* Build configuration list for PBXProject "Memesicle" */;
			compatibilityVersion = "Xcode 8.0";
			developmentRegion = en;
			hasScannedForEncodings = 0;
			knownRegions = (
				en,
				Base,
			);
			mainGroup = 518E4E621FFC25C100F76C36;
			productRefGroup = 518E4E6C1FFC25C100F76C36 /* Products */;
			projectDirPath = "";
			projectRoot = "";
			targets = (
				518E4E6A1FFC25C100F76C36 /* Memesicle */,
				518E4E7E1FFC25C200F76C36 /* MemesicleTests */,
				518E4E891FFC25C200F76C36 /* MemesicleUITests */,
			);
		};
/* End PBXProject section */

/* Begin PBXResourcesBuildPhase section */
		518E4E691FFC25C100F76C36 /* Resources */ = {
			isa = PBXResourcesBuildPhase;
			buildActionMask = 2147483647;
			files = (
				518E4E791FFC25C200F76C36 /* LaunchScreen.storyboard in Resources */,
				518E4E761FFC25C200F76C36 /* Assets.xcassets in Resources */,
				518E4E741FFC25C200F76C36 /* Main.storyboard in Resources */,
			);
			runOnlyForDeploymentPostprocessing = 0;
		};
		518E4E7D1FFC25C200F76C36 /* Resources */ = {
			isa = PBXResourcesBuildPhase;
			buildActionMask = 2147483647;
			files = (
			);
			runOnlyForDeploymentPostprocessing = 0;
		};
		518E4E881FFC25C200F76C36 /* Resources */ = {
			isa = PBXResourcesBuildPhase;
			buildActionMask = 2147483647;
			files = (
			);
			runOnlyForDeploymentPostprocessing = 0;
		};
/* End PBXResourcesBuildPhase section */

/* Begin PBXSourcesBuildPhase section */
		518E4E671FFC25C100F76C36 /* Sources */ = {
			isa = PBXSourcesBuildPhase;
			buildActionMask = 2147483647;
			files = (
				5189297B2008287D00F0A527 /* MemeEditorViewController.swift in Sources */,
				518E4E6F1FFC25C200F76C36 /* AppDelegate.swift in Sources */,
			);
			runOnlyForDeploymentPostprocessing = 0;
		};
		518E4E7B1FFC25C200F76C36 /* Sources */ = {
			isa = PBXSourcesBuildPhase;
			buildActionMask = 2147483647;
			files = (
				518E4E841FFC25C200F76C36 /* ImagePickerTests.swift in Sources */,
			);
			runOnlyForDeploymentPostprocessing = 0;
		};
		518E4E861FFC25C200F76C36 /* Sources */ = {
			isa = PBXSourcesBuildPhase;
			buildActionMask = 2147483647;
			files = (
				518E4E8F1FFC25C200F76C36 /* ImagePickerUITests.swift in Sources */,
			);
			runOnlyForDeploymentPostprocessing = 0;
		};
/* End PBXSourcesBuildPhase section */

/* Begin PBXTargetDependency section */
		518E4E811FFC25C200F76C36 /* PBXTargetDependency */ = {
			isa = PBXTargetDependency;
			target = 518E4E6A1FFC25C100F76C36 /* Memesicle */;
			targetProxy = 518E4E801FFC25C200F76C36 /* PBXContainerItemProxy */;
		};
		518E4E8C1FFC25C200F76C36 /* PBXTargetDependency */ = {
			isa = PBXTargetDependency;
			target = 518E4E6A1FFC25C100F76C36 /* Memesicle */;
			targetProxy = 518E4E8B1FFC25C200F76C36 /* PBXContainerItemProxy */;
		};
/* End PBXTargetDependency section */

/* Begin PBXVariantGroup section */
		518E4E721FFC25C200F76C36 /* Main.storyboard */ = {
			isa = PBXVariantGroup;
			children = (
				518E4E731FFC25C200F76C36 /* Base */,
			);
			name = Main.storyboard;
			sourceTree = "<group>";
		};
		518E4E771FFC25C200F76C36 /* LaunchScreen.storyboard */ = {
			isa = PBXVariantGroup;
			children = (
				518E4E781FFC25C200F76C36 /* Base */,
			);
			name = LaunchScreen.storyboard;
			sourceTree = "<group>";
		};
/* End PBXVariantGroup section */

/* Begin XCBuildConfiguration section */
		518E4E911FFC25C200F76C36 /* Debug */ = {
			isa = XCBuildConfiguration;
			buildSettings = {
				ALWAYS_SEARCH_USER_PATHS = NO;
				CLANG_ANALYZER_NONNULL = YES;
				CLANG_ANALYZER_NUMBER_OBJECT_CONVERSION = YES_AGGRESSIVE;
				CLANG_CXX_LANGUAGE_STANDARD = "gnu++14";
				CLANG_CXX_LIBRARY = "libc++";
				CLANG_ENABLE_MODULES = YES;
				CLANG_ENABLE_OBJC_ARC = YES;
				CLANG_WARN_BLOCK_CAPTURE_AUTORELEASING = YES;
				CLANG_WARN_BOOL_CONVERSION = YES;
				CLANG_WARN_COMMA = YES;
				CLANG_WARN_CONSTANT_CONVERSION = YES;
				CLANG_WARN_DIRECT_OBJC_ISA_USAGE = YES_ERROR;
				CLANG_WARN_DOCUMENTATION_COMMENTS = YES;
				CLANG_WARN_EMPTY_BODY = YES;
				CLANG_WARN_ENUM_CONVERSION = YES;
				CLANG_WARN_INFINITE_RECURSION = YES;
				CLANG_WARN_INT_CONVERSION = YES;
				CLANG_WARN_NON_LITERAL_NULL_CONVERSION = YES;
				CLANG_WARN_OBJC_LITERAL_CONVERSION = YES;
				CLANG_WARN_OBJC_ROOT_CLASS = YES_ERROR;
				CLANG_WARN_RANGE_LOOP_ANALYSIS = YES;
				CLANG_WARN_STRICT_PROTOTYPES = YES;
				CLANG_WARN_SUSPICIOUS_MOVE = YES;
				CLANG_WARN_UNGUARDED_AVAILABILITY = YES_AGGRESSIVE;
				CLANG_WARN_UNREACHABLE_CODE = YES;
				CLANG_WARN__DUPLICATE_METHOD_MATCH = YES;
				CODE_SIGN_IDENTITY = "iPhone Developer";
				COPY_PHASE_STRIP = NO;
				DEBUG_INFORMATION_FORMAT = dwarf;
				ENABLE_STRICT_OBJC_MSGSEND = YES;
				ENABLE_TESTABILITY = YES;
				GCC_C_LANGUAGE_STANDARD = gnu11;
				GCC_DYNAMIC_NO_PIC = NO;
				GCC_NO_COMMON_BLOCKS = YES;
				GCC_OPTIMIZATION_LEVEL = 0;
				GCC_PREPROCESSOR_DEFINITIONS = (
					"DEBUG=1",
					"$(inherited)",
				);
				GCC_WARN_64_TO_32_BIT_CONVERSION = YES;
				GCC_WARN_ABOUT_RETURN_TYPE = YES_ERROR;
				GCC_WARN_UNDECLARED_SELECTOR = YES;
				GCC_WARN_UNINITIALIZED_AUTOS = YES_AGGRESSIVE;
				GCC_WARN_UNUSED_FUNCTION = YES;
				GCC_WARN_UNUSED_VARIABLE = YES;
				IPHONEOS_DEPLOYMENT_TARGET = 11.2;
				MTL_ENABLE_DEBUG_INFO = YES;
				ONLY_ACTIVE_ARCH = YES;
				SDKROOT = iphoneos;
				SWIFT_ACTIVE_COMPILATION_CONDITIONS = DEBUG;
				SWIFT_OPTIMIZATION_LEVEL = "-Onone";
			};
			name = Debug;
		};
		518E4E921FFC25C200F76C36 /* Release */ = {
			isa = XCBuildConfiguration;
			buildSettings = {
				ALWAYS_SEARCH_USER_PATHS = NO;
				CLANG_ANALYZER_NONNULL = YES;
				CLANG_ANALYZER_NUMBER_OBJECT_CONVERSION = YES_AGGRESSIVE;
				CLANG_CXX_LANGUAGE_STANDARD = "gnu++14";
				CLANG_CXX_LIBRARY = "libc++";
				CLANG_ENABLE_MODULES = YES;
				CLANG_ENABLE_OBJC_ARC = YES;
				CLANG_WARN_BLOCK_CAPTURE_AUTORELEASING = YES;
				CLANG_WARN_BOOL_CONVERSION = YES;
				CLANG_WARN_COMMA = YES;
				CLANG_WARN_CONSTANT_CONVERSION = YES;
				CLANG_WARN_DIRECT_OBJC_ISA_USAGE = YES_ERROR;
				CLANG_WARN_DOCUMENTATION_COMMENTS = YES;
				CLANG_WARN_EMPTY_BODY = YES;
				CLANG_WARN_ENUM_CONVERSION = YES;
				CLANG_WARN_INFINITE_RECURSION = YES;
				CLANG_WARN_INT_CONVERSION = YES;
				CLANG_WARN_NON_LITERAL_NULL_CONVERSION = YES;
				CLANG_WARN_OBJC_LITERAL_CONVERSION = YES;
				CLANG_WARN_OBJC_ROOT_CLASS = YES_ERROR;
				CLANG_WARN_RANGE_LOOP_ANALYSIS = YES;
				CLANG_WARN_STRICT_PROTOTYPES = YES;
				CLANG_WARN_SUSPICIOUS_MOVE = YES;
				CLANG_WARN_UNGUARDED_AVAILABILITY = YES_AGGRESSIVE;
				CLANG_WARN_UNREACHABLE_CODE = YES;
				CLANG_WARN__DUPLICATE_METHOD_MATCH = YES;
				CODE_SIGN_IDENTITY = "iPhone Developer";
				COPY_PHASE_STRIP = NO;
				DEBUG_INFORMATION_FORMAT = "dwarf-with-dsym";
				ENABLE_NS_ASSERTIONS = NO;
				ENABLE_STRICT_OBJC_MSGSEND = YES;
				GCC_C_LANGUAGE_STANDARD = gnu11;
				GCC_NO_COMMON_BLOCKS = YES;
				GCC_WARN_64_TO_32_BIT_CONVERSION = YES;
				GCC_WARN_ABOUT_RETURN_TYPE = YES_ERROR;
				GCC_WARN_UNDECLARED_SELECTOR = YES;
				GCC_WARN_UNINITIALIZED_AUTOS = YES_AGGRESSIVE;
				GCC_WARN_UNUSED_FUNCTION = YES;
				GCC_WARN_UNUSED_VARIABLE = YES;
				IPHONEOS_DEPLOYMENT_TARGET = 11.2;
				MTL_ENABLE_DEBUG_INFO = NO;
				SDKROOT = iphoneos;
				SWIFT_OPTIMIZATION_LEVEL = "-Owholemodule";
				VALIDATE_PRODUCT = YES;
			};
			name = Release;
		};
		518E4E941FFC25C200F76C36 /* Debug */ = {
			isa = XCBuildConfiguration;
			buildSettings = {
				ASSETCATALOG_COMPILER_APPICON_NAME = AppIcon;
				CODE_SIGN_STYLE = Automatic;
				INFOPLIST_FILE = ImagePicker/Info.plist;
				LD_RUNPATH_SEARCH_PATHS = "$(inherited) @executable_path/Frameworks";
				PRODUCT_BUNDLE_IDENTIFIER = Nolan.ImagePicker;
				PRODUCT_NAME = "$(TARGET_NAME)";
				SWIFT_VERSION = 4.0;
				TARGETED_DEVICE_FAMILY = "1,2";
			};
			name = Debug;
		};
		518E4E951FFC25C200F76C36 /* Release */ = {
			isa = XCBuildConfiguration;
			buildSettings = {
				ASSETCATALOG_COMPILER_APPICON_NAME = AppIcon;
				CODE_SIGN_STYLE = Automatic;
				INFOPLIST_FILE = ImagePicker/Info.plist;
				LD_RUNPATH_SEARCH_PATHS = "$(inherited) @executable_path/Frameworks";
				PRODUCT_BUNDLE_IDENTIFIER = Nolan.ImagePicker;
				PRODUCT_NAME = "$(TARGET_NAME)";
				SWIFT_VERSION = 4.0;
				TARGETED_DEVICE_FAMILY = "1,2";
			};
			name = Release;
		};
		518E4E971FFC25C200F76C36 /* Debug */ = {
			isa = XCBuildConfiguration;
			buildSettings = {
				ALWAYS_EMBED_SWIFT_STANDARD_LIBRARIES = YES;
				BUNDLE_LOADER = "$(TEST_HOST)";
				CODE_SIGN_STYLE = Automatic;
				INFOPLIST_FILE = ImagePickerTests/Info.plist;
				LD_RUNPATH_SEARCH_PATHS = "$(inherited) @executable_path/Frameworks @loader_path/Frameworks";
				PRODUCT_BUNDLE_IDENTIFIER = Nolan.ImagePickerTests;
				PRODUCT_NAME = "$(TARGET_NAME)";
				SWIFT_VERSION = 4.0;
				TARGETED_DEVICE_FAMILY = "1,2";
				TEST_HOST = "$(BUILT_PRODUCTS_DIR)/Memesicle.app/Memesicle";
			};
			name = Debug;
		};
		518E4E981FFC25C200F76C36 /* Release */ = {
			isa = XCBuildConfiguration;
			buildSettings = {
				ALWAYS_EMBED_SWIFT_STANDARD_LIBRARIES = YES;
				BUNDLE_LOADER = "$(TEST_HOST)";
				CODE_SIGN_STYLE = Automatic;
				INFOPLIST_FILE = ImagePickerTests/Info.plist;
				LD_RUNPATH_SEARCH_PATHS = "$(inherited) @executable_path/Frameworks @loader_path/Frameworks";
				PRODUCT_BUNDLE_IDENTIFIER = Nolan.ImagePickerTests;
				PRODUCT_NAME = "$(TARGET_NAME)";
				SWIFT_VERSION = 4.0;
				TARGETED_DEVICE_FAMILY = "1,2";
				TEST_HOST = "$(BUILT_PRODUCTS_DIR)/Memesicle.app/Memesicle";
			};
			name = Release;
		};
		518E4E9A1FFC25C200F76C36 /* Debug */ = {
			isa = XCBuildConfiguration;
			buildSettings = {
				ALWAYS_EMBED_SWIFT_STANDARD_LIBRARIES = YES;
				CODE_SIGN_STYLE = Automatic;
				INFOPLIST_FILE = ImagePickerUITests/Info.plist;
				LD_RUNPATH_SEARCH_PATHS = "$(inherited) @executable_path/Frameworks @loader_path/Frameworks";
				PRODUCT_BUNDLE_IDENTIFIER = Nolan.ImagePickerUITests;
				PRODUCT_NAME = "$(TARGET_NAME)";
				SWIFT_VERSION = 4.0;
				TARGETED_DEVICE_FAMILY = "1,2";
				TEST_TARGET_NAME = ImagePicker;
			};
			name = Debug;
		};
		518E4E9B1FFC25C200F76C36 /* Release */ = {
			isa = XCBuildConfiguration;
			buildSettings = {
				ALWAYS_EMBED_SWIFT_STANDARD_LIBRARIES = YES;
				CODE_SIGN_STYLE = Automatic;
				INFOPLIST_FILE = ImagePickerUITests/Info.plist;
				LD_RUNPATH_SEARCH_PATHS = "$(inherited) @executable_path/Frameworks @loader_path/Frameworks";
				PRODUCT_BUNDLE_IDENTIFIER = Nolan.ImagePickerUITests;
				PRODUCT_NAME = "$(TARGET_NAME)";
				SWIFT_VERSION = 4.0;
				TARGETED_DEVICE_FAMILY = "1,2";
				TEST_TARGET_NAME = ImagePicker;
			};
			name = Release;
		};
/* End XCBuildConfiguration section */

/* Begin XCConfigurationList section */
		518E4E661FFC25C100F76C36 /* Build configuration list for PBXProject "Memesicle" */ = {
			isa = XCConfigurationList;
			buildConfigurations = (
				518E4E911FFC25C200F76C36 /* Debug */,
				518E4E921FFC25C200F76C36 /* Release */,
			);
			defaultConfigurationIsVisible = 0;
			defaultConfigurationName = Release;
		};
		518E4E931FFC25C200F76C36 /* Build configuration list for PBXNativeTarget "Memesicle" */ = {
			isa = XCConfigurationList;
			buildConfigurations = (
				518E4E941FFC25C200F76C36 /* Debug */,
				518E4E951FFC25C200F76C36 /* Release */,
			);
			defaultConfigurationIsVisible = 0;
			defaultConfigurationName = Release;
		};
		518E4E961FFC25C200F76C36 /* Build configuration list for PBXNativeTarget "MemesicleTests" */ = {
			isa = XCConfigurationList;
			buildConfigurations = (
				518E4E971FFC25C200F76C36 /* Debug */,
				518E4E981FFC25C200F76C36 /* Release */,
			);
			defaultConfigurationIsVisible = 0;
			defaultConfigurationName = Release;
		};
		518E4E991FFC25C200F76C36 /* Build configuration list for PBXNativeTarget "MemesicleUITests" */ = {
			isa = XCConfigurationList;
			buildConfigurations = (
				518E4E9A1FFC25C200F76C36 /* Debug */,
				518E4E9B1FFC25C200F76C36 /* Release */,
			);
			defaultConfigurationIsVisible = 0;
			defaultConfigurationName = Release;
		};
/* End XCConfigurationList section */
	};
	rootObject = 518E4E631FFC25C100F76C36 /* Project object */;
}
